
Microsoft Visual Studio Solution File, Format Version 12.00
# Visual Studio 14
VisualStudioVersion = 14.0.25420.1
MinimumVisualStudioVersion = 10.0.40219.1
Project("{8BC9CEB8-8B4A-11D0-8D11-00A0C91BC942}") = "1_HelloWindow", "1_HelloWindow.vcxproj", "{08E92DAB-68AB-4D72-80F9-67BA92CAF772}"
EndProject
Project("{8BC9CEB8-8B4A-11D0-8D11-00A0C91BC942}") = "2_HelloTriangle", "2_HelloTriangle.vcxproj", "{1BA2240F-22B2-48BE-9A1F-4594807C2165}"
EndProject
Project("{8BC9CEB8-8B4A-11D0-8D11-00A0C91BC942}") = "3_Shaders", "3_Shaders.vcxproj", "{A4CF8727-D1A3-4416-BE40-D457A6CFADBF}"
EndProject
Project("{8BC9CEB8-8B4A-11D0-8D11-00A0C91BC942}") = "4_Textures", "4_Textures.vcxproj", "{0CD626DF-10F1-4F6F-92AC-6DCCFE3E9D50}"
EndProject
Project("{8BC9CEB8-8B4A-11D0-8D11-00A0C91BC942}") = "5_Transformations", "5_Transformations.vcxproj", "{E901C72F-A36A-4529-B019-B454803F374F}"
EndProject
Project("{8BC9CEB8-8B4A-11D0-8D11-00A0C91BC942}") = "6_CoordinateSystems", "6_CoordinateSystems.vcxproj", "{CFB20972-AAC9-44E3-A70D-CE6583B6C0A2}"
EndProject
Project("{8BC9CEB8-8B4A-11D0-8D11-00A0C91BC942}") = "7_Camera", "7_Camera.vcxproj", "{B7004FC1-06CF-452B-AD5A-903DC208C7A3}"
EndProject
Project("{8BC9CEB8-8B4A-11D0-8D11-00A0C91BC942}") = "8_Colors", "8_Colors.vcxproj", "{86B28EF4-4134-4FC2-A86D-0E3C81FCE438}"
EndProject
Project("{8BC9CEB8-8B4A-11D0-8D11-00A0C91BC942}") = "9_BasicLighting", "9_BasicLighting.vcxproj", "{C739C67A-3273-46A6-8EC7-0FF48BFA8FCD}"
EndProject
Project("{8BC9CEB8-8B4A-11D0-8D11-00A0C91BC942}") = "10_Materials", "10_Materials.vcxproj", "{CDC3F0C6-51EB-4E88-A1CD-A44D15C29AA5}"
EndProject
Project("{8BC9CEB8-8B4A-11D0-8D11-00A0C91BC942}") = "11_LightingMaps", "11_LightingMaps.vcxproj", "{524A4C58-6C5C-4E28-B047-184FFAA80D60}"
EndProject
Project("{8BC9CEB8-8B4A-11D0-8D11-00A0C91BC942}") = "12_LightCasters", "12_LightCasters.vcxproj", "{723CEFC0-26F2-458E-9AFE-BC562E488A4D}"
EndProject
Project("{8BC9CEB8-8B4A-11D0-8D11-00A0C91BC942}") = "13_MultipleLights", "13_MultipleLights.vcxproj", "{1369B187-830B-408E-865C-073F0F2041DF}"
EndProject
Project("{8BC9CEB8-8B4A-11D0-8D11-00A0C91BC942}") = "14_Model", "14_Model.vcxproj", "{3ADC477D-CA0C-4DA3-B159-6CC48D42D605}"
EndProject
Project("{8BC9CEB8-8B4A-11D0-8D11-00A0C91BC942}") = "15_DepthTesting", "15_DepthTesting.vcxproj", "{19C2F8DA-DD59-4433-B4BF-E355430CA642}"
EndProject
Project("{8BC9CEB8-8B4A-11D0-8D11-00A0C91BC942}") = "16_StencilTesting", "16_StencilTesting.vcxproj", "{9C44AF63-115B-4BA7-8934-9D73732E5AC9}"
EndProject
Project("{8BC9CEB8-8B4A-11D0-8D11-00A0C91BC942}") = "17_Blending", "17_Blending.vcxproj", "{34AEF9C8-831F-42CB-A690-6D97FA927264}"
EndProject
Project("{8BC9CEB8-8B4A-11D0-8D11-00A0C91BC942}") = "18_FaceCulling", "18_FaceCulling.vcxproj", "{17929B65-0E92-45F9-BDB1-03B383777C1E}"
EndProject
Project("{8BC9CEB8-8B4A-11D0-8D11-00A0C91BC942}") = "19_FrameBuffers", "19_FrameBuffers.vcxproj", "{02D259FD-ED1D-4CF4-872E-EEEE4FB3A214}"
EndProject
Project("{8BC9CEB8-8B4A-11D0-8D11-00A0C91BC942}") = "20_CubeMaps", "20_CubeMaps.vcxproj", "{91B6B42F-C84C-43E5-BD20-341F9FD84AC1}"
EndProject
Project("{8BC9CEB8-8B4A-11D0-8D11-00A0C91BC942}") = "22_Instancing", "22_Instancing.vcxproj", "{AAFCF1C5-D0A2-48B4-99B7-62E47CD63627}"
EndProject
Project("{8BC9CEB8-8B4A-11D0-8D11-00A0C91BC942}") = "21_AdvancedGLSL", "21_AdvancedGLSL.vcxproj", "{45F2F68F-900E-4A88-AA41-35F0953C9173}"
EndProject
Project("{8BC9CEB8-8B4A-11D0-8D11-00A0C91BC942}") = "23_AntiAliasing", "23_AntiAliasing.vcxproj", "{5EC106D0-F984-41E8-9F48-CA7D18D15540}"
EndProject
Project("{8BC9CEB8-8B4A-11D0-8D11-00A0C91BC942}") = "24_AdvancedLighting", "24_AdvancedLighting.vcxproj", "{AAA83BD1-B559-4626-B065-032FA18563DA}"
EndProject
Project("{8BC9CEB8-8B4A-11D0-8D11-00A0C91BC942}") = "25_GammaCorrection", "25_GammaCorrection.vcxproj", "{4A9CBDCE-C78C-443D-8849-A62052BC4BE1}"
EndProject
Project("{8BC9CEB8-8B4A-11D0-8D11-00A0C91BC942}") = "26_Shadows", "26_Shadows.vcxproj", "{C8964BC6-8D8A-4127-831A-DA24DD1E5F76}"
EndProject
Project("{8BC9CEB8-8B4A-11D0-8D11-00A0C91BC942}") = "27_NormalMapping", "27_NormalMapping.vcxproj", "{BE5B1FE2-9123-4A9A-90B3-878EB6FEF582}"
EndProject
Project("{8BC9CEB8-8B4A-11D0-8D11-00A0C91BC942}") = "28_ParallaxMapping", "28_ParallaxMapping.vcxproj", "{AF8FFD36-E67B-472B-81FA-389F82E7446D}"
EndProject
Project("{8BC9CEB8-8B4A-11D0-8D11-00A0C91BC942}") = "29_HDR", "29_HDR.vcxproj", "{66E0D431-9C82-4B90-8C9A-1F4BACBC7B99}"
EndProject
Project("{8BC9CEB8-8B4A-11D0-8D11-00A0C91BC942}") = "30_Bloom", "30_Bloom.vcxproj", "{84EBFE07-18D2-4694-A037-3C2C8428C0CF}"
EndProject
Project("{8BC9CEB8-8B4A-11D0-8D11-00A0C91BC942}") = "31_DeferredShading", "31_DeferredShading.vcxproj", "{E69F2C62-FE15-40F6-8003-02552799B4ED}"
EndProject
Project("{8BC9CEB8-8B4A-11D0-8D11-00A0C91BC942}") = "32_SSAO", "32_SSAO.vcxproj", "{0DBC846A-E0A2-4403-9230-D742C5673A2E}"
EndProject
Global
	GlobalSection(SolutionConfigurationPlatforms) = preSolution
		Debug|x64 = Debug|x64
		Debug|x86 = Debug|x86
		Release|x64 = Release|x64
		Release|x86 = Release|x86
	EndGlobalSection
	GlobalSection(ProjectConfigurationPlatforms) = postSolution
		{08E92DAB-68AB-4D72-80F9-67BA92CAF772}.Debug|x64.ActiveCfg = Debug|x64
		{08E92DAB-68AB-4D72-80F9-67BA92CAF772}.Debug|x64.Build.0 = Debug|x64
		{08E92DAB-68AB-4D72-80F9-67BA92CAF772}.Debug|x86.ActiveCfg = Debug|Win32
		{08E92DAB-68AB-4D72-80F9-67BA92CAF772}.Debug|x86.Build.0 = Debug|Win32
		{08E92DAB-68AB-4D72-80F9-67BA92CAF772}.Release|x64.ActiveCfg = Release|x64
		{08E92DAB-68AB-4D72-80F9-67BA92CAF772}.Release|x64.Build.0 = Release|x64
		{08E92DAB-68AB-4D72-80F9-67BA92CAF772}.Release|x86.ActiveCfg = Release|Win32
		{08E92DAB-68AB-4D72-80F9-67BA92CAF772}.Release|x86.Build.0 = Release|Win32
		{1BA2240F-22B2-48BE-9A1F-4594807C2165}.Debug|x64.ActiveCfg = Debug|x64
		{1BA2240F-22B2-48BE-9A1F-4594807C2165}.Debug|x64.Build.0 = Debug|x64
		{1BA2240F-22B2-48BE-9A1F-4594807C2165}.Debug|x86.ActiveCfg = Debug|Win32
		{1BA2240F-22B2-48BE-9A1F-4594807C2165}.Debug|x86.Build.0 = Debug|Win32
		{1BA2240F-22B2-48BE-9A1F-4594807C2165}.Release|x64.ActiveCfg = Release|x64
		{1BA2240F-22B2-48BE-9A1F-4594807C2165}.Release|x64.Build.0 = Release|x64
		{1BA2240F-22B2-48BE-9A1F-4594807C2165}.Release|x86.ActiveCfg = Release|Win32
		{1BA2240F-22B2-48BE-9A1F-4594807C2165}.Release|x86.Build.0 = Release|Win32
		{A4CF8727-D1A3-4416-BE40-D457A6CFADBF}.Debug|x64.ActiveCfg = Debug|x64
		{A4CF8727-D1A3-4416-BE40-D457A6CFADBF}.Debug|x64.Build.0 = Debug|x64
		{A4CF8727-D1A3-4416-BE40-D457A6CFADBF}.Debug|x86.ActiveCfg = Debug|Win32
		{A4CF8727-D1A3-4416-BE40-D457A6CFADBF}.Debug|x86.Build.0 = Debug|Win32
		{A4CF8727-D1A3-4416-BE40-D457A6CFADBF}.Release|x64.ActiveCfg = Release|x64
		{A4CF8727-D1A3-4416-BE40-D457A6CFADBF}.Release|x64.Build.0 = Release|x64
		{A4CF8727-D1A3-4416-BE40-D457A6CFADBF}.Release|x86.ActiveCfg = Release|Win32
		{A4CF8727-D1A3-4416-BE40-D457A6CFADBF}.Release|x86.Build.0 = Release|Win32
		{0CD626DF-10F1-4F6F-92AC-6DCCFE3E9D50}.Debug|x64.ActiveCfg = Debug|x64
		{0CD626DF-10F1-4F6F-92AC-6DCCFE3E9D50}.Debug|x64.Build.0 = Debug|x64
		{0CD626DF-10F1-4F6F-92AC-6DCCFE3E9D50}.Debug|x86.ActiveCfg = Debug|Win32
		{0CD626DF-10F1-4F6F-92AC-6DCCFE3E9D50}.Debug|x86.Build.0 = Debug|Win32
		{0CD626DF-10F1-4F6F-92AC-6DCCFE3E9D50}.Release|x64.ActiveCfg = Release|x64
		{0CD626DF-10F1-4F6F-92AC-6DCCFE3E9D50}.Release|x64.Build.0 = Release|x64
		{0CD626DF-10F1-4F6F-92AC-6DCCFE3E9D50}.Release|x86.ActiveCfg = Release|Win32
		{0CD626DF-10F1-4F6F-92AC-6DCCFE3E9D50}.Release|x86.Build.0 = Release|Win32
		{E901C72F-A36A-4529-B019-B454803F374F}.Debug|x64.ActiveCfg = Debug|x64
		{E901C72F-A36A-4529-B019-B454803F374F}.Debug|x64.Build.0 = Debug|x64
		{E901C72F-A36A-4529-B019-B454803F374F}.Debug|x86.ActiveCfg = Debug|Win32
		{E901C72F-A36A-4529-B019-B454803F374F}.Debug|x86.Build.0 = Debug|Win32
		{E901C72F-A36A-4529-B019-B454803F374F}.Release|x64.ActiveCfg = Release|x64
		{E901C72F-A36A-4529-B019-B454803F374F}.Release|x64.Build.0 = Release|x64
		{E901C72F-A36A-4529-B019-B454803F374F}.Release|x86.ActiveCfg = Release|Win32
		{E901C72F-A36A-4529-B019-B454803F374F}.Release|x86.Build.0 = Release|Win32
		{CFB20972-AAC9-44E3-A70D-CE6583B6C0A2}.Debug|x64.ActiveCfg = Debug|x64
		{CFB20972-AAC9-44E3-A70D-CE6583B6C0A2}.Debug|x64.Build.0 = Debug|x64
		{CFB20972-AAC9-44E3-A70D-CE6583B6C0A2}.Debug|x86.ActiveCfg = Debug|Win32
		{CFB20972-AAC9-44E3-A70D-CE6583B6C0A2}.Debug|x86.Build.0 = Debug|Win32
		{CFB20972-AAC9-44E3-A70D-CE6583B6C0A2}.Release|x64.ActiveCfg = Release|x64
		{CFB20972-AAC9-44E3-A70D-CE6583B6C0A2}.Release|x64.Build.0 = Release|x64
		{CFB20972-AAC9-44E3-A70D-CE6583B6C0A2}.Release|x86.ActiveCfg = Release|Win32
		{CFB20972-AAC9-44E3-A70D-CE6583B6C0A2}.Release|x86.Build.0 = Release|Win32
		{B7004FC1-06CF-452B-AD5A-903DC208C7A3}.Debug|x64.ActiveCfg = Debug|x64
		{B7004FC1-06CF-452B-AD5A-903DC208C7A3}.Debug|x64.Build.0 = Debug|x64
		{B7004FC1-06CF-452B-AD5A-903DC208C7A3}.Debug|x86.ActiveCfg = Debug|Win32
		{B7004FC1-06CF-452B-AD5A-903DC208C7A3}.Debug|x86.Build.0 = Debug|Win32
		{B7004FC1-06CF-452B-AD5A-903DC208C7A3}.Release|x64.ActiveCfg = Release|x64
		{B7004FC1-06CF-452B-AD5A-903DC208C7A3}.Release|x64.Build.0 = Release|x64
		{B7004FC1-06CF-452B-AD5A-903DC208C7A3}.Release|x86.ActiveCfg = Release|Win32
		{B7004FC1-06CF-452B-AD5A-903DC208C7A3}.Release|x86.Build.0 = Release|Win32
		{86B28EF4-4134-4FC2-A86D-0E3C81FCE438}.Debug|x64.ActiveCfg = Debug|x64
		{86B28EF4-4134-4FC2-A86D-0E3C81FCE438}.Debug|x64.Build.0 = Debug|x64
		{86B28EF4-4134-4FC2-A86D-0E3C81FCE438}.Debug|x86.ActiveCfg = Debug|Win32
		{86B28EF4-4134-4FC2-A86D-0E3C81FCE438}.Debug|x86.Build.0 = Debug|Win32
		{86B28EF4-4134-4FC2-A86D-0E3C81FCE438}.Release|x64.ActiveCfg = Release|x64
		{86B28EF4-4134-4FC2-A86D-0E3C81FCE438}.Release|x64.Build.0 = Release|x64
		{86B28EF4-4134-4FC2-A86D-0E3C81FCE438}.Release|x86.ActiveCfg = Release|Win32
		{86B28EF4-4134-4FC2-A86D-0E3C81FCE438}.Release|x86.Build.0 = Release|Win32
		{C739C67A-3273-46A6-8EC7-0FF48BFA8FCD}.Debug|x64.ActiveCfg = Debug|x64
		{C739C67A-3273-46A6-8EC7-0FF48BFA8FCD}.Debug|x64.Build.0 = Debug|x64
		{C739C67A-3273-46A6-8EC7-0FF48BFA8FCD}.Debug|x86.ActiveCfg = Debug|Win32
		{C739C67A-3273-46A6-8EC7-0FF48BFA8FCD}.Debug|x86.Build.0 = Debug|Win32
		{C739C67A-3273-46A6-8EC7-0FF48BFA8FCD}.Release|x64.ActiveCfg = Release|x64
		{C739C67A-3273-46A6-8EC7-0FF48BFA8FCD}.Release|x64.Build.0 = Release|x64
		{C739C67A-3273-46A6-8EC7-0FF48BFA8FCD}.Release|x86.ActiveCfg = Release|Win32
		{C739C67A-3273-46A6-8EC7-0FF48BFA8FCD}.Release|x86.Build.0 = Release|Win32
		{CDC3F0C6-51EB-4E88-A1CD-A44D15C29AA5}.Debug|x64.ActiveCfg = Debug|x64
		{CDC3F0C6-51EB-4E88-A1CD-A44D15C29AA5}.Debug|x64.Build.0 = Debug|x64
		{CDC3F0C6-51EB-4E88-A1CD-A44D15C29AA5}.Debug|x86.ActiveCfg = Debug|Win32
		{CDC3F0C6-51EB-4E88-A1CD-A44D15C29AA5}.Debug|x86.Build.0 = Debug|Win32
		{CDC3F0C6-51EB-4E88-A1CD-A44D15C29AA5}.Release|x64.ActiveCfg = Release|x64
		{CDC3F0C6-51EB-4E88-A1CD-A44D15C29AA5}.Release|x64.Build.0 = Release|x64
		{CDC3F0C6-51EB-4E88-A1CD-A44D15C29AA5}.Release|x86.ActiveCfg = Release|Win32
		{CDC3F0C6-51EB-4E88-A1CD-A44D15C29AA5}.Release|x86.Build.0 = Release|Win32
		{524A4C58-6C5C-4E28-B047-184FFAA80D60}.Debug|x64.ActiveCfg = Debug|x64
		{524A4C58-6C5C-4E28-B047-184FFAA80D60}.Debug|x64.Build.0 = Debug|x64
		{524A4C58-6C5C-4E28-B047-184FFAA80D60}.Debug|x86.ActiveCfg = Debug|Win32
		{524A4C58-6C5C-4E28-B047-184FFAA80D60}.Debug|x86.Build.0 = Debug|Win32
		{524A4C58-6C5C-4E28-B047-184FFAA80D60}.Release|x64.ActiveCfg = Release|x64
		{524A4C58-6C5C-4E28-B047-184FFAA80D60}.Release|x64.Build.0 = Release|x64
		{524A4C58-6C5C-4E28-B047-184FFAA80D60}.Release|x86.ActiveCfg = Release|Win32
		{524A4C58-6C5C-4E28-B047-184FFAA80D60}.Release|x86.Build.0 = Release|Win32
		{723CEFC0-26F2-458E-9AFE-BC562E488A4D}.Debug|x64.ActiveCfg = Debug|x64
		{723CEFC0-26F2-458E-9AFE-BC562E488A4D}.Debug|x64.Build.0 = Debug|x64
		{723CEFC0-26F2-458E-9AFE-BC562E488A4D}.Debug|x86.ActiveCfg = Debug|Win32
		{723CEFC0-26F2-458E-9AFE-BC562E488A4D}.Debug|x86.Build.0 = Debug|Win32
		{723CEFC0-26F2-458E-9AFE-BC562E488A4D}.Release|x64.ActiveCfg = Release|x64
		{723CEFC0-26F2-458E-9AFE-BC562E488A4D}.Release|x64.Build.0 = Release|x64
		{723CEFC0-26F2-458E-9AFE-BC562E488A4D}.Release|x86.ActiveCfg = Release|Win32
		{723CEFC0-26F2-458E-9AFE-BC562E488A4D}.Release|x86.Build.0 = Release|Win32
		{1369B187-830B-408E-865C-073F0F2041DF}.Debug|x64.ActiveCfg = Debug|x64
		{1369B187-830B-408E-865C-073F0F2041DF}.Debug|x64.Build.0 = Debug|x64
		{1369B187-830B-408E-865C-073F0F2041DF}.Debug|x86.ActiveCfg = Debug|Win32
		{1369B187-830B-408E-865C-073F0F2041DF}.Debug|x86.Build.0 = Debug|Win32
		{1369B187-830B-408E-865C-073F0F2041DF}.Release|x64.ActiveCfg = Release|x64
		{1369B187-830B-408E-865C-073F0F2041DF}.Release|x64.Build.0 = Release|x64
		{1369B187-830B-408E-865C-073F0F2041DF}.Release|x86.ActiveCfg = Release|Win32
		{1369B187-830B-408E-865C-073F0F2041DF}.Release|x86.Build.0 = Release|Win32
		{3ADC477D-CA0C-4DA3-B159-6CC48D42D605}.Debug|x64.ActiveCfg = Debug|x64
		{3ADC477D-CA0C-4DA3-B159-6CC48D42D605}.Debug|x64.Build.0 = Debug|x64
		{3ADC477D-CA0C-4DA3-B159-6CC48D42D605}.Debug|x86.ActiveCfg = Debug|Win32
		{3ADC477D-CA0C-4DA3-B159-6CC48D42D605}.Debug|x86.Build.0 = Debug|Win32
		{3ADC477D-CA0C-4DA3-B159-6CC48D42D605}.Release|x64.ActiveCfg = Release|x64
		{3ADC477D-CA0C-4DA3-B159-6CC48D42D605}.Release|x64.Build.0 = Release|x64
		{3ADC477D-CA0C-4DA3-B159-6CC48D42D605}.Release|x86.ActiveCfg = Release|Win32
		{3ADC477D-CA0C-4DA3-B159-6CC48D42D605}.Release|x86.Build.0 = Release|Win32
		{19C2F8DA-DD59-4433-B4BF-E355430CA642}.Debug|x64.ActiveCfg = Debug|x64
		{19C2F8DA-DD59-4433-B4BF-E355430CA642}.Debug|x64.Build.0 = Debug|x64
		{19C2F8DA-DD59-4433-B4BF-E355430CA642}.Debug|x86.ActiveCfg = Debug|Win32
		{19C2F8DA-DD59-4433-B4BF-E355430CA642}.Debug|x86.Build.0 = Debug|Win32
		{19C2F8DA-DD59-4433-B4BF-E355430CA642}.Release|x64.ActiveCfg = Release|x64
		{19C2F8DA-DD59-4433-B4BF-E355430CA642}.Release|x64.Build.0 = Release|x64
		{19C2F8DA-DD59-4433-B4BF-E355430CA642}.Release|x86.ActiveCfg = Release|Win32
		{19C2F8DA-DD59-4433-B4BF-E355430CA642}.Release|x86.Build.0 = Release|Win32
		{9C44AF63-115B-4BA7-8934-9D73732E5AC9}.Debug|x64.ActiveCfg = Debug|x64
		{9C44AF63-115B-4BA7-8934-9D73732E5AC9}.Debug|x64.Build.0 = Debug|x64
		{9C44AF63-115B-4BA7-8934-9D73732E5AC9}.Debug|x86.ActiveCfg = Debug|Win32
		{9C44AF63-115B-4BA7-8934-9D73732E5AC9}.Debug|x86.Build.0 = Debug|Win32
		{9C44AF63-115B-4BA7-8934-9D73732E5AC9}.Release|x64.ActiveCfg = Release|x64
		{9C44AF63-115B-4BA7-8934-9D73732E5AC9}.Release|x64.Build.0 = Release|x64
		{9C44AF63-115B-4BA7-8934-9D73732E5AC9}.Release|x86.ActiveCfg = Release|Win32
		{9C44AF63-115B-4BA7-8934-9D73732E5AC9}.Release|x86.Build.0 = Release|Win32
		{34AEF9C8-831F-42CB-A690-6D97FA927264}.Debug|x64.ActiveCfg = Debug|x64
		{34AEF9C8-831F-42CB-A690-6D97FA927264}.Debug|x64.Build.0 = Debug|x64
		{34AEF9C8-831F-42CB-A690-6D97FA927264}.Debug|x86.ActiveCfg = Debug|Win32
		{34AEF9C8-831F-42CB-A690-6D97FA927264}.Debug|x86.Build.0 = Debug|Win32
		{34AEF9C8-831F-42CB-A690-6D97FA927264}.Release|x64.ActiveCfg = Release|x64
		{34AEF9C8-831F-42CB-A690-6D97FA927264}.Release|x64.Build.0 = Release|x64
		{34AEF9C8-831F-42CB-A690-6D97FA927264}.Release|x86.ActiveCfg = Release|Win32
		{34AEF9C8-831F-42CB-A690-6D97FA927264}.Release|x86.Build.0 = Release|Win32
		{17929B65-0E92-45F9-BDB1-03B383777C1E}.Debug|x64.ActiveCfg = Debug|x64
		{17929B65-0E92-45F9-BDB1-03B383777C1E}.Debug|x64.Build.0 = Debug|x64
		{17929B65-0E92-45F9-BDB1-03B383777C1E}.Debug|x86.ActiveCfg = Debug|Win32
		{17929B65-0E92-45F9-BDB1-03B383777C1E}.Debug|x86.Build.0 = Debug|Win32
		{17929B65-0E92-45F9-BDB1-03B383777C1E}.Release|x64.ActiveCfg = Release|x64
		{17929B65-0E92-45F9-BDB1-03B383777C1E}.Release|x64.Build.0 = Release|x64
		{17929B65-0E92-45F9-BDB1-03B383777C1E}.Release|x86.ActiveCfg = Release|Win32
		{17929B65-0E92-45F9-BDB1-03B383777C1E}.Release|x86.Build.0 = Release|Win32
		{02D259FD-ED1D-4CF4-872E-EEEE4FB3A214}.Debug|x64.ActiveCfg = Debug|x64
		{02D259FD-ED1D-4CF4-872E-EEEE4FB3A214}.Debug|x64.Build.0 = Debug|x64
		{02D259FD-ED1D-4CF4-872E-EEEE4FB3A214}.Debug|x86.ActiveCfg = Debug|Win32
		{02D259FD-ED1D-4CF4-872E-EEEE4FB3A214}.Debug|x86.Build.0 = Debug|Win32
		{02D259FD-ED1D-4CF4-872E-EEEE4FB3A214}.Release|x64.ActiveCfg = Release|x64
		{02D259FD-ED1D-4CF4-872E-EEEE4FB3A214}.Release|x64.Build.0 = Release|x64
		{02D259FD-ED1D-4CF4-872E-EEEE4FB3A214}.Release|x86.ActiveCfg = Release|Win32
		{02D259FD-ED1D-4CF4-872E-EEEE4FB3A214}.Release|x86.Build.0 = Release|Win32
		{91B6B42F-C84C-43E5-BD20-341F9FD84AC1}.Debug|x64.ActiveCfg = Debug|x64
		{91B6B42F-C84C-43E5-BD20-341F9FD84AC1}.Debug|x64.Build.0 = Debug|x64
		{91B6B42F-C84C-43E5-BD20-341F9FD84AC1}.Debug|x86.ActiveCfg = Debug|Win32
		{91B6B42F-C84C-43E5-BD20-341F9FD84AC1}.Debug|x86.Build.0 = Debug|Win32
		{91B6B42F-C84C-43E5-BD20-341F9FD84AC1}.Release|x64.ActiveCfg = Release|x64
		{91B6B42F-C84C-43E5-BD20-341F9FD84AC1}.Release|x64.Build.0 = Release|x64
		{91B6B42F-C84C-43E5-BD20-341F9FD84AC1}.Release|x86.ActiveCfg = Release|Win32
		{91B6B42F-C84C-43E5-BD20-341F9FD84AC1}.Release|x86.Build.0 = Release|Win32
		{AAFCF1C5-D0A2-48B4-99B7-62E47CD63627}.Debug|x64.ActiveCfg = Debug|x64
		{AAFCF1C5-D0A2-48B4-99B7-62E47CD63627}.Debug|x64.Build.0 = Debug|x64
		{AAFCF1C5-D0A2-48B4-99B7-62E47CD63627}.Debug|x86.ActiveCfg = Debug|Win32
		{AAFCF1C5-D0A2-48B4-99B7-62E47CD63627}.Debug|x86.Build.0 = Debug|Win32
		{AAFCF1C5-D0A2-48B4-99B7-62E47CD63627}.Release|x64.ActiveCfg = Release|x64
		{AAFCF1C5-D0A2-48B4-99B7-62E47CD63627}.Release|x64.Build.0 = Release|x64
		{AAFCF1C5-D0A2-48B4-99B7-62E47CD63627}.Release|x86.ActiveCfg = Release|Win32
		{AAFCF1C5-D0A2-48B4-99B7-62E47CD63627}.Release|x86.Build.0 = Release|Win32
		{45F2F68F-900E-4A88-AA41-35F0953C9173}.Debug|x64.ActiveCfg = Debug|x64
		{45F2F68F-900E-4A88-AA41-35F0953C9173}.Debug|x64.Build.0 = Debug|x64
		{45F2F68F-900E-4A88-AA41-35F0953C9173}.Debug|x86.ActiveCfg = Debug|Win32
		{45F2F68F-900E-4A88-AA41-35F0953C9173}.Debug|x86.Build.0 = Debug|Win32
		{45F2F68F-900E-4A88-AA41-35F0953C9173}.Release|x64.ActiveCfg = Release|x64
		{45F2F68F-900E-4A88-AA41-35F0953C9173}.Release|x64.Build.0 = Release|x64
		{45F2F68F-900E-4A88-AA41-35F0953C9173}.Release|x86.ActiveCfg = Release|Win32
		{45F2F68F-900E-4A88-AA41-35F0953C9173}.Release|x86.Build.0 = Release|Win32
		{5EC106D0-F984-41E8-9F48-CA7D18D15540}.Debug|x64.ActiveCfg = Debug|x64
		{5EC106D0-F984-41E8-9F48-CA7D18D15540}.Debug|x64.Build.0 = Debug|x64
		{5EC106D0-F984-41E8-9F48-CA7D18D15540}.Debug|x86.ActiveCfg = Debug|Win32
		{5EC106D0-F984-41E8-9F48-CA7D18D15540}.Debug|x86.Build.0 = Debug|Win32
		{5EC106D0-F984-41E8-9F48-CA7D18D15540}.Release|x64.ActiveCfg = Release|x64
		{5EC106D0-F984-41E8-9F48-CA7D18D15540}.Release|x64.Build.0 = Release|x64
		{5EC106D0-F984-41E8-9F48-CA7D18D15540}.Release|x86.ActiveCfg = Release|Win32
		{5EC106D0-F984-41E8-9F48-CA7D18D15540}.Release|x86.Build.0 = Release|Win32
		{AAA83BD1-B559-4626-B065-032FA18563DA}.Debug|x64.ActiveCfg = Debug|x64
		{AAA83BD1-B559-4626-B065-032FA18563DA}.Debug|x64.Build.0 = Debug|x64
		{AAA83BD1-B559-4626-B065-032FA18563DA}.Debug|x86.ActiveCfg = Debug|Win32
		{AAA83BD1-B559-4626-B065-032FA18563DA}.Debug|x86.Build.0 = Debug|Win32
		{AAA83BD1-B559-4626-B065-032FA18563DA}.Release|x64.ActiveCfg = Release|x64
		{AAA83BD1-B559-4626-B065-032FA18563DA}.Release|x64.Build.0 = Release|x64
		{AAA83BD1-B559-4626-B065-032FA18563DA}.Release|x86.ActiveCfg = Release|Win32
		{AAA83BD1-B559-4626-B065-032FA18563DA}.Release|x86.Build.0 = Release|Win32
		{4A9CBDCE-C78C-443D-8849-A62052BC4BE1}.Debug|x64.ActiveCfg = Debug|x64
		{4A9CBDCE-C78C-443D-8849-A62052BC4BE1}.Debug|x64.Build.0 = Debug|x64
		{4A9CBDCE-C78C-443D-8849-A62052BC4BE1}.Debug|x86.ActiveCfg = Debug|Win32
		{4A9CBDCE-C78C-443D-8849-A62052BC4BE1}.Debug|x86.Build.0 = Debug|Win32
		{4A9CBDCE-C78C-443D-8849-A62052BC4BE1}.Release|x64.ActiveCfg = Release|x64
		{4A9CBDCE-C78C-443D-8849-A62052BC4BE1}.Release|x64.Build.0 = Release|x64
		{4A9CBDCE-C78C-443D-8849-A62052BC4BE1}.Release|x86.ActiveCfg = Release|Win32
		{4A9CBDCE-C78C-443D-8849-A62052BC4BE1}.Release|x86.Build.0 = Release|Win32
		{C8964BC6-8D8A-4127-831A-DA24DD1E5F76}.Debug|x64.ActiveCfg = Debug|x64
		{C8964BC6-8D8A-4127-831A-DA24DD1E5F76}.Debug|x64.Build.0 = Debug|x64
		{C8964BC6-8D8A-4127-831A-DA24DD1E5F76}.Debug|x86.ActiveCfg = Debug|Win32
		{C8964BC6-8D8A-4127-831A-DA24DD1E5F76}.Debug|x86.Build.0 = Debug|Win32
		{C8964BC6-8D8A-4127-831A-DA24DD1E5F76}.Release|x64.ActiveCfg = Release|x64
		{C8964BC6-8D8A-4127-831A-DA24DD1E5F76}.Release|x64.Build.0 = Release|x64
		{C8964BC6-8D8A-4127-831A-DA24DD1E5F76}.Release|x86.ActiveCfg = Release|Win32
		{C8964BC6-8D8A-4127-831A-DA24DD1E5F76}.Release|x86.Build.0 = Release|Win32
		{BE5B1FE2-9123-4A9A-90B3-878EB6FEF582}.Debug|x64.ActiveCfg = Debug|x64
		{BE5B1FE2-9123-4A9A-90B3-878EB6FEF582}.Debug|x64.Build.0 = Debug|x64
		{BE5B1FE2-9123-4A9A-90B3-878EB6FEF582}.Debug|x86.ActiveCfg = Debug|Win32
		{BE5B1FE2-9123-4A9A-90B3-878EB6FEF582}.Debug|x86.Build.0 = Debug|Win32
		{BE5B1FE2-9123-4A9A-90B3-878EB6FEF582}.Release|x64.ActiveCfg = Release|x64
		{BE5B1FE2-9123-4A9A-90B3-878EB6FEF582}.Release|x64.Build.0 = Release|x64
		{BE5B1FE2-9123-4A9A-90B3-878EB6FEF582}.Release|x86.ActiveCfg = Release|Win32
		{BE5B1FE2-9123-4A9A-90B3-878EB6FEF582}.Release|x86.Build.0 = Release|Win32
		{AF8FFD36-E67B-472B-81FA-389F82E7446D}.Debug|x64.ActiveCfg = Debug|x64
		{AF8FFD36-E67B-472B-81FA-389F82E7446D}.Debug|x64.Build.0 = Debug|x64
		{AF8FFD36-E67B-472B-81FA-389F82E7446D}.Debug|x86.ActiveCfg = Debug|Win32
		{AF8FFD36-E67B-472B-81FA-389F82E7446D}.Debug|x86.Build.0 = Debug|Win32
		{AF8FFD36-E67B-472B-81FA-389F82E7446D}.Release|x64.ActiveCfg = Release|x64
		{AF8FFD36-E67B-472B-81FA-389F82E7446D}.Release|x64.Build.0 = Release|x64
		{AF8FFD36-E67B-472B-81FA-389F82E7446D}.Release|x86.ActiveCfg = Release|Win32
		{AF8FFD36-E67B-472B-81FA-389F82E7446D}.Release|x86.Build.0 = Release|Win32
		{66E0D431-9C82-4B90-8C9A-1F4BACBC7B99}.Debug|x64.ActiveCfg = Debug|x64
		{66E0D431-9C82-4B90-8C9A-1F4BACBC7B99}.Debug|x64.Build.0 = Debug|x64
		{66E0D431-9C82-4B90-8C9A-1F4BACBC7B99}.Debug|x86.ActiveCfg = Debug|Win32
		{66E0D431-9C82-4B90-8C9A-1F4BACBC7B99}.Debug|x86.Build.0 = Debug|Win32
		{66E0D431-9C82-4B90-8C9A-1F4BACBC7B99}.Release|x64.ActiveCfg = Release|x64
		{66E0D431-9C82-4B90-8C9A-1F4BACBC7B99}.Release|x64.Build.0 = Release|x64
		{66E0D431-9C82-4B90-8C9A-1F4BACBC7B99}.Release|x86.ActiveCfg = Release|Win32
		{66E0D431-9C82-4B90-8C9A-1F4BACBC7B99}.Release|x86.Build.0 = Release|Win32
		{84EBFE07-18D2-4694-A037-3C2C8428C0CF}.Debug|x64.ActiveCfg = Debug|x64
		{84EBFE07-18D2-4694-A037-3C2C8428C0CF}.Debug|x64.Build.0 = Debug|x64
		{84EBFE07-18D2-4694-A037-3C2C8428C0CF}.Debug|x86.ActiveCfg = Debug|Win32
		{84EBFE07-18D2-4694-A037-3C2C8428C0CF}.Debug|x86.Build.0 = Debug|Win32
		{84EBFE07-18D2-4694-A037-3C2C8428C0CF}.Release|x64.ActiveCfg = Release|x64
		{84EBFE07-18D2-4694-A037-3C2C8428C0CF}.Release|x64.Build.0 = Release|x64
		{84EBFE07-18D2-4694-A037-3C2C8428C0CF}.Release|x86.ActiveCfg = Release|Win32
		{84EBFE07-18D2-4694-A037-3C2C8428C0CF}.Release|x86.Build.0 = Release|Win32
		{E69F2C62-FE15-40F6-8003-02552799B4ED}.Debug|x64.ActiveCfg = Debug|x64
		{E69F2C62-FE15-40F6-8003-02552799B4ED}.Debug|x64.Build.0 = Debug|x64
		{E69F2C62-FE15-40F6-8003-02552799B4ED}.Debug|x86.ActiveCfg = Debug|Win32
		{E69F2C62-FE15-40F6-8003-02552799B4ED}.Debug|x86.Build.0 = Debug|Win32
		{E69F2C62-FE15-40F6-8003-02552799B4ED}.Release|x64.ActiveCfg = Release|x64
		{E69F2C62-FE15-40F6-8003-02552799B4ED}.Release|x64.Build.0 = Release|x64
		{E69F2C62-FE15-40F6-8003-02552799B4ED}.Release|x86.ActiveCfg = Release|Win32
		{E69F2C62-FE15-40F6-8003-02552799B4ED}.Release|x86.Build.0 = Release|Win32
		{0DBC846A-E0A2-4403-9230-D742C5673A2E}.Debug|x64.ActiveCfg = Debug|x64
		{0DBC846A-E0A2-4403-9230-D742C5673A2E}.Debug|x64.Build.0 = Debug|x64
		{0DBC846A-E0A2-4403-9230-D742C5673A2E}.Debug|x86.ActiveCfg = Debug|Win32
		{0DBC846A-E0A2-4403-9230-D742C5673A2E}.Debug|x86.Build.0 = Debug|Win32
		{0DBC846A-E0A2-4403-9230-D742C5673A2E}.Release|x64.ActiveCfg = Release|x64
		{0DBC846A-E0A2-4403-9230-D742C5673A2E}.Release|x64.Build.0 = Release|x64
		{0DBC846A-E0A2-4403-9230-D742C5673A2E}.Release|x86.ActiveCfg = Release|Win32
		{0DBC846A-E0A2-4403-9230-D742C5673A2E}.Release|x86.Build.0 = Release|Win32
	EndGlobalSection
	GlobalSection(SolutionProperties) = preSolution
		HideSolutionNode = FALSE
	EndGlobalSection
EndGlobal
